
Microsoft Visual Studio Solution File, Format Version 12.00
# Visual Studio 15
VisualStudioVersion = 15.0.28307.489
MinimumVisualStudioVersion = 10.0.40219.1
Project("{FAE04EC0-301F-11D3-BF4B-00C04F79EFBC}") = "WebAppCore", "WebAppCore\WebAppCore.csproj", "{D28AB43B-712B-46CB-A7DF-D29F74BDF87C}"
EndProject
Global
	GlobalSection(SolutionConfigurationPlatforms) = preSolution
		Debug|Any CPU = Debug|Any CPU
		Release|Any CPU = Release|Any CPU
	EndGlobalSection
	GlobalSection(ProjectConfigurationPlatforms) = postSolution
		{D28AB43B-712B-46CB-A7DF-D29F74BDF87C}.Debug|Any CPU.ActiveCfg = Debug|Any CPU
		{D28AB43B-712B-46CB-A7DF-D29F74BDF87C}.Debug|Any CPU.Build.0 = Debug|Any CPU
		{D28AB43B-712B-46CB-A7DF-D29F74BDF87C}.Release|Any CPU.ActiveCfg = Release|Any CPU
		{D28AB43B-712B-46CB-A7DF-D29F74BDF87C}.Release|Any CPU.Build.0 = Release|Any CPU
	EndGlobalSection
	GlobalSection(SolutionProperties) = preSolution
		HideSolutionNode = FALSE
	EndGlobalSection
	GlobalSection(ExtensibilityGlobals) = postSolution
		SolutionGuid = {2FE80C66-1BFC-4549-9627-4655102FAF44}
	EndGlobalSection
EndGlobal
